
Microsoft Visual Studio Solution File, Format Version 12.00
# Visual Studio Version 17
VisualStudioVersion = 17.4.33205.214
MinimumVisualStudioVersion = 10.0.40219.1
Project("{8BC9CEB8-8B4A-11D0-8D11-00A0C91BC942}") = "asio-example", "asio-example\asio-example.vcxproj", "{02C5ED4A-43EE-4A2C-A953-0EF38652DCED}"
	ProjectSection(ProjectDependencies) = postProject
		{6BDC77BE-5F51-482A-83E3-00730C02A8A4} = {6BDC77BE-5F51-482A-83E3-00730C02A8A4}
	EndProjectSection
EndProject
Project("{8BC9CEB8-8B4A-11D0-8D11-00A0C91BC942}") = "NetCommon", "NetCommon\NetCommon.vcxproj", "{6BDC77BE-5F51-482A-83E3-00730C02A8A4}"
EndProject
Project("{8BC9CEB8-8B4A-11D0-8D11-00A0C91BC942}") = "NetClient", "NetClient\NetClient.vcxproj", "{6E36EF47-8355-4661-A707-5EA183776B98}"
	ProjectSection(ProjectDependencies) = postProject
		{6BDC77BE-5F51-482A-83E3-00730C02A8A4} = {6BDC77BE-5F51-482A-83E3-00730C02A8A4}
		{A2B04925-A882-46DA-A0BB-D23B201EA6FD} = {A2B04925-A882-46DA-A0BB-D23B201EA6FD}
	EndProjectSection
EndProject
Project("{8BC9CEB8-8B4A-11D0-8D11-00A0C91BC942}") = "NetServer", "NetServer\NetServer.vcxproj", "{BAEFD9A3-D569-4793-9D18-D3204E329F8F}"
	ProjectSection(ProjectDependencies) = postProject
		{6BDC77BE-5F51-482A-83E3-00730C02A8A4} = {6BDC77BE-5F51-482A-83E3-00730C02A8A4}
	EndProjectSection
EndProject
Project("{8BC9CEB8-8B4A-11D0-8D11-00A0C91BC942}") = "protobuf-example", "protobuf-example\protobuf-example.vcxproj", "{85E31FF4-6C54-4880-B16C-E8C998650CB6}"
EndProject
Project("{8BC9CEB8-8B4A-11D0-8D11-00A0C91BC942}") = "NetLog", "NetLog\NetLog.vcxproj", "{A2B04925-A882-46DA-A0BB-D23B201EA6FD}"
	ProjectSection(ProjectDependencies) = postProject
		{6BDC77BE-5F51-482A-83E3-00730C02A8A4} = {6BDC77BE-5F51-482A-83E3-00730C02A8A4}
	EndProjectSection
EndProject
Project("{8BC9CEB8-8B4A-11D0-8D11-00A0C91BC942}") = "unitTest-NetLog", "unitTest-NetLog\unitTest-NetLog.vcxproj", "{EF9A793B-2629-4145-BDBB-9C11DD431757}"
	ProjectSection(ProjectDependencies) = postProject
		{A2B04925-A882-46DA-A0BB-D23B201EA6FD} = {A2B04925-A882-46DA-A0BB-D23B201EA6FD}
	EndProjectSection
EndProject
Project("{8BC9CEB8-8B4A-11D0-8D11-00A0C91BC942}") = "NetPopup", "NetPopup\NetPopup.vcxproj", "{E59137AF-E315-48D8-95D3-49417C1DD8FF}"
	ProjectSection(ProjectDependencies) = postProject
		{6BDC77BE-5F51-482A-83E3-00730C02A8A4} = {6BDC77BE-5F51-482A-83E3-00730C02A8A4}
	EndProjectSection
EndProject
Project("{8BC9CEB8-8B4A-11D0-8D11-00A0C91BC942}") = "WinFormCpp", "WinFormCpp\WinFormCpp.vcxproj", "{28BAD200-2BD7-4355-930A-CD588D7F5C04}"
EndProject
Global
	GlobalSection(SolutionConfigurationPlatforms) = preSolution
		Debug|x64 = Debug|x64
		Debug|x86 = Debug|x86
		Release|x64 = Release|x64
		Release|x86 = Release|x86
	EndGlobalSection
	GlobalSection(ProjectConfigurationPlatforms) = postSolution
		{02C5ED4A-43EE-4A2C-A953-0EF38652DCED}.Debug|x64.ActiveCfg = Debug|x64
		{02C5ED4A-43EE-4A2C-A953-0EF38652DCED}.Debug|x64.Build.0 = Debug|x64
		{02C5ED4A-43EE-4A2C-A953-0EF38652DCED}.Debug|x86.ActiveCfg = Debug|Win32
		{02C5ED4A-43EE-4A2C-A953-0EF38652DCED}.Debug|x86.Build.0 = Debug|Win32
		{02C5ED4A-43EE-4A2C-A953-0EF38652DCED}.Release|x64.ActiveCfg = Release|x64
		{02C5ED4A-43EE-4A2C-A953-0EF38652DCED}.Release|x64.Build.0 = Release|x64
		{02C5ED4A-43EE-4A2C-A953-0EF38652DCED}.Release|x86.ActiveCfg = Release|Win32
		{02C5ED4A-43EE-4A2C-A953-0EF38652DCED}.Release|x86.Build.0 = Release|Win32
		{6BDC77BE-5F51-482A-83E3-00730C02A8A4}.Debug|x64.ActiveCfg = Debug|x64
		{6BDC77BE-5F51-482A-83E3-00730C02A8A4}.Debug|x64.Build.0 = Debug|x64
		{6BDC77BE-5F51-482A-83E3-00730C02A8A4}.Debug|x86.ActiveCfg = Debug|Win32
		{6BDC77BE-5F51-482A-83E3-00730C02A8A4}.Debug|x86.Build.0 = Debug|Win32
		{6BDC77BE-5F51-482A-83E3-00730C02A8A4}.Release|x64.ActiveCfg = Release|x64
		{6BDC77BE-5F51-482A-83E3-00730C02A8A4}.Release|x64.Build.0 = Release|x64
		{6BDC77BE-5F51-482A-83E3-00730C02A8A4}.Release|x86.ActiveCfg = Release|Win32
		{6BDC77BE-5F51-482A-83E3-00730C02A8A4}.Release|x86.Build.0 = Release|Win32
		{6E36EF47-8355-4661-A707-5EA183776B98}.Debug|x64.ActiveCfg = Debug|x64
		{6E36EF47-8355-4661-A707-5EA183776B98}.Debug|x64.Build.0 = Debug|x64
		{6E36EF47-8355-4661-A707-5EA183776B98}.Debug|x86.ActiveCfg = Debug|Win32
		{6E36EF47-8355-4661-A707-5EA183776B98}.Debug|x86.Build.0 = Debug|Win32
		{6E36EF47-8355-4661-A707-5EA183776B98}.Release|x64.ActiveCfg = Release|x64
		{6E36EF47-8355-4661-A707-5EA183776B98}.Release|x64.Build.0 = Release|x64
		{6E36EF47-8355-4661-A707-5EA183776B98}.Release|x86.ActiveCfg = Release|Win32
		{6E36EF47-8355-4661-A707-5EA183776B98}.Release|x86.Build.0 = Release|Win32
		{BAEFD9A3-D569-4793-9D18-D3204E329F8F}.Debug|x64.ActiveCfg = Debug|x64
		{BAEFD9A3-D569-4793-9D18-D3204E329F8F}.Debug|x64.Build.0 = Debug|x64
		{BAEFD9A3-D569-4793-9D18-D3204E329F8F}.Debug|x86.ActiveCfg = Debug|Win32
		{BAEFD9A3-D569-4793-9D18-D3204E329F8F}.Debug|x86.Build.0 = Debug|Win32
		{BAEFD9A3-D569-4793-9D18-D3204E329F8F}.Release|x64.ActiveCfg = Release|x64
		{BAEFD9A3-D569-4793-9D18-D3204E329F8F}.Release|x64.Build.0 = Release|x64
		{BAEFD9A3-D569-4793-9D18-D3204E329F8F}.Release|x86.ActiveCfg = Release|Win32
		{BAEFD9A3-D569-4793-9D18-D3204E329F8F}.Release|x86.Build.0 = Release|Win32
		{85E31FF4-6C54-4880-B16C-E8C998650CB6}.Debug|x64.ActiveCfg = Debug|x64
		{85E31FF4-6C54-4880-B16C-E8C998650CB6}.Debug|x64.Build.0 = Debug|x64
		{85E31FF4-6C54-4880-B16C-E8C998650CB6}.Debug|x86.ActiveCfg = Debug|Win32
		{85E31FF4-6C54-4880-B16C-E8C998650CB6}.Debug|x86.Build.0 = Debug|Win32
		{85E31FF4-6C54-4880-B16C-E8C998650CB6}.Release|x64.ActiveCfg = Release|x64
		{85E31FF4-6C54-4880-B16C-E8C998650CB6}.Release|x64.Build.0 = Release|x64
		{85E31FF4-6C54-4880-B16C-E8C998650CB6}.Release|x86.ActiveCfg = Release|Win32
		{85E31FF4-6C54-4880-B16C-E8C998650CB6}.Release|x86.Build.0 = Release|Win32
		{A2B04925-A882-46DA-A0BB-D23B201EA6FD}.Debug|x64.ActiveCfg = Debug|x64
		{A2B04925-A882-46DA-A0BB-D23B201EA6FD}.Debug|x64.Build.0 = Debug|x64
		{A2B04925-A882-46DA-A0BB-D23B201EA6FD}.Debug|x86.ActiveCfg = Debug|Win32
		{A2B04925-A882-46DA-A0BB-D23B201EA6FD}.Debug|x86.Build.0 = Debug|Win32
		{A2B04925-A882-46DA-A0BB-D23B201EA6FD}.Release|x64.ActiveCfg = Release|x64
		{A2B04925-A882-46DA-A0BB-D23B201EA6FD}.Release|x64.Build.0 = Release|x64
		{A2B04925-A882-46DA-A0BB-D23B201EA6FD}.Release|x86.ActiveCfg = Release|Win32
		{A2B04925-A882-46DA-A0BB-D23B201EA6FD}.Release|x86.Build.0 = Release|Win32
		{EF9A793B-2629-4145-BDBB-9C11DD431757}.Debug|x64.ActiveCfg = Debug|x64
		{EF9A793B-2629-4145-BDBB-9C11DD431757}.Debug|x64.Build.0 = Debug|x64
		{EF9A793B-2629-4145-BDBB-9C11DD431757}.Debug|x86.ActiveCfg = Debug|Win32
		{EF9A793B-2629-4145-BDBB-9C11DD431757}.Debug|x86.Build.0 = Debug|Win32
		{EF9A793B-2629-4145-BDBB-9C11DD431757}.Release|x64.ActiveCfg = Release|x64
		{EF9A793B-2629-4145-BDBB-9C11DD431757}.Release|x64.Build.0 = Release|x64
		{EF9A793B-2629-4145-BDBB-9C11DD431757}.Release|x86.ActiveCfg = Release|Win32
		{EF9A793B-2629-4145-BDBB-9C11DD431757}.Release|x86.Build.0 = Release|Win32
		{E59137AF-E315-48D8-95D3-49417C1DD8FF}.Debug|x64.ActiveCfg = Debug|x64
		{E59137AF-E315-48D8-95D3-49417C1DD8FF}.Debug|x64.Build.0 = Debug|x64
		{E59137AF-E315-48D8-95D3-49417C1DD8FF}.Debug|x86.ActiveCfg = Debug|Win32
		{E59137AF-E315-48D8-95D3-49417C1DD8FF}.Debug|x86.Build.0 = Debug|Win32
		{E59137AF-E315-48D8-95D3-49417C1DD8FF}.Release|x64.ActiveCfg = Release|x64
		{E59137AF-E315-48D8-95D3-49417C1DD8FF}.Release|x64.Build.0 = Release|x64
		{E59137AF-E315-48D8-95D3-49417C1DD8FF}.Release|x86.ActiveCfg = Release|Win32
		{E59137AF-E315-48D8-95D3-49417C1DD8FF}.Release|x86.Build.0 = Release|Win32
		{28BAD200-2BD7-4355-930A-CD588D7F5C04}.Debug|x64.ActiveCfg = Debug|x64
		{28BAD200-2BD7-4355-930A-CD588D7F5C04}.Debug|x64.Build.0 = Debug|x64
		{28BAD200-2BD7-4355-930A-CD588D7F5C04}.Debug|x86.ActiveCfg = Debug|Win32
		{28BAD200-2BD7-4355-930A-CD588D7F5C04}.Debug|x86.Build.0 = Debug|Win32
		{28BAD200-2BD7-4355-930A-CD588D7F5C04}.Release|x64.ActiveCfg = Release|x64
		{28BAD200-2BD7-4355-930A-CD588D7F5C04}.Release|x64.Build.0 = Release|x64
		{28BAD200-2BD7-4355-930A-CD588D7F5C04}.Release|x86.ActiveCfg = Release|Win32
		{28BAD200-2BD7-4355-930A-CD588D7F5C04}.Release|x86.Build.0 = Release|Win32
	EndGlobalSection
	GlobalSection(SolutionProperties) = preSolution
		HideSolutionNode = FALSE
	EndGlobalSection
	GlobalSection(ExtensibilityGlobals) = postSolution
		SolutionGuid = {9D0788BF-EFEE-4114-BDB3-54824FD20C0D}
	EndGlobalSection
EndGlobal
