
Microsoft Visual Studio Solution File, Format Version 12.00
# Visual Studio Version 17
VisualStudioVersion = 17.2.32526.322
MinimumVisualStudioVersion = 10.0.40219.1
Project("{8BC9CEB8-8B4A-11D0-8D11-00A0C91BC942}") = "problem_00", "problem_00\problem_00.vcxproj", "{520AC521-8232-4526-8F74-79B79D8B0EA0}"
EndProject
Project("{8BC9CEB8-8B4A-11D0-8D11-00A0C91BC942}") = "problem_01", "problem_01\problem_01.vcxproj", "{36A56AB0-F601-4DB9-B310-AA7EB6F97BA9}"
EndProject
Project("{8BC9CEB8-8B4A-11D0-8D11-00A0C91BC942}") = "problem_02", "problem_02\problem_02.vcxproj", "{5BBAE668-B466-401B-953D-5F99B63E8F6C}"
EndProject
Project("{8BC9CEB8-8B4A-11D0-8D11-00A0C91BC942}") = "problem_03", "problem_03\problem_03.vcxproj", "{428391F6-0AAD-481F-86E3-26B000DF7003}"
EndProject
Project("{8BC9CEB8-8B4A-11D0-8D11-00A0C91BC942}") = "problem_04", "problem_04\problem_04.vcxproj", "{95E57A14-6E37-4490-B4C5-67608B4A273B}"
EndProject
Project("{8BC9CEB8-8B4A-11D0-8D11-00A0C91BC942}") = "problem_05", "problem_05\problem_05.vcxproj", "{1189CB12-0CB3-4F20-96C7-CCAAB2D5405A}"
EndProject
Project("{8BC9CEB8-8B4A-11D0-8D11-00A0C91BC942}") = "problem_06", "problem_06\problem_06.vcxproj", "{AD9C4DB1-ED17-49BF-AE3E-DF32273F9DAF}"
EndProject
Project("{8BC9CEB8-8B4A-11D0-8D11-00A0C91BC942}") = "problem_07", "problem_07\problem_07.vcxproj", "{63B630D9-4CCB-4F5E-88AF-6F6358C5ED0E}"
EndProject
Project("{8BC9CEB8-8B4A-11D0-8D11-00A0C91BC942}") = "problem_08", "problem_08\problem_08.vcxproj", "{40936DBC-10DA-4251-ADF3-16FA0D5C9A09}"
EndProject
Project("{8BC9CEB8-8B4A-11D0-8D11-00A0C91BC942}") = "problem_09", "problem_09\problem_09.vcxproj", "{C0960F97-35DD-4488-BBA4-26810E5C521E}"
EndProject
Project("{8BC9CEB8-8B4A-11D0-8D11-00A0C91BC942}") = "problem_10", "problem_10\problem_10.vcxproj", "{40493068-EAD8-49CA-938B-0664EBF69DF2}"
EndProject
Global
	GlobalSection(SolutionConfigurationPlatforms) = preSolution
		Debug|x64 = Debug|x64
		Debug|x86 = Debug|x86
		Release|x64 = Release|x64
		Release|x86 = Release|x86
	EndGlobalSection
	GlobalSection(ProjectConfigurationPlatforms) = postSolution
		{520AC521-8232-4526-8F74-79B79D8B0EA0}.Debug|x64.ActiveCfg = Debug|x64
		{520AC521-8232-4526-8F74-79B79D8B0EA0}.Debug|x64.Build.0 = Debug|x64
		{520AC521-8232-4526-8F74-79B79D8B0EA0}.Debug|x86.ActiveCfg = Debug|Win32
		{520AC521-8232-4526-8F74-79B79D8B0EA0}.Debug|x86.Build.0 = Debug|Win32
		{520AC521-8232-4526-8F74-79B79D8B0EA0}.Release|x64.ActiveCfg = Release|x64
		{520AC521-8232-4526-8F74-79B79D8B0EA0}.Release|x64.Build.0 = Release|x64
		{520AC521-8232-4526-8F74-79B79D8B0EA0}.Release|x86.ActiveCfg = Release|Win32
		{520AC521-8232-4526-8F74-79B79D8B0EA0}.Release|x86.Build.0 = Release|Win32
		{36A56AB0-F601-4DB9-B310-AA7EB6F97BA9}.Debug|x64.ActiveCfg = Debug|x64
		{36A56AB0-F601-4DB9-B310-AA7EB6F97BA9}.Debug|x64.Build.0 = Debug|x64
		{36A56AB0-F601-4DB9-B310-AA7EB6F97BA9}.Debug|x86.ActiveCfg = Debug|Win32
		{36A56AB0-F601-4DB9-B310-AA7EB6F97BA9}.Debug|x86.Build.0 = Debug|Win32
		{36A56AB0-F601-4DB9-B310-AA7EB6F97BA9}.Release|x64.ActiveCfg = Release|x64
		{36A56AB0-F601-4DB9-B310-AA7EB6F97BA9}.Release|x64.Build.0 = Release|x64
		{36A56AB0-F601-4DB9-B310-AA7EB6F97BA9}.Release|x86.ActiveCfg = Release|Win32
		{36A56AB0-F601-4DB9-B310-AA7EB6F97BA9}.Release|x86.Build.0 = Release|Win32
		{5BBAE668-B466-401B-953D-5F99B63E8F6C}.Debug|x64.ActiveCfg = Debug|x64
		{5BBAE668-B466-401B-953D-5F99B63E8F6C}.Debug|x64.Build.0 = Debug|x64
		{5BBAE668-B466-401B-953D-5F99B63E8F6C}.Debug|x86.ActiveCfg = Debug|Win32
		{5BBAE668-B466-401B-953D-5F99B63E8F6C}.Debug|x86.Build.0 = Debug|Win32
		{5BBAE668-B466-401B-953D-5F99B63E8F6C}.Release|x64.ActiveCfg = Release|x64
		{5BBAE668-B466-401B-953D-5F99B63E8F6C}.Release|x64.Build.0 = Release|x64
		{5BBAE668-B466-401B-953D-5F99B63E8F6C}.Release|x86.ActiveCfg = Release|Win32
		{5BBAE668-B466-401B-953D-5F99B63E8F6C}.Release|x86.Build.0 = Release|Win32
		{428391F6-0AAD-481F-86E3-26B000DF7003}.Debug|x64.ActiveCfg = Debug|x64
		{428391F6-0AAD-481F-86E3-26B000DF7003}.Debug|x64.Build.0 = Debug|x64
		{428391F6-0AAD-481F-86E3-26B000DF7003}.Debug|x86.ActiveCfg = Debug|Win32
		{428391F6-0AAD-481F-86E3-26B000DF7003}.Debug|x86.Build.0 = Debug|Win32
		{428391F6-0AAD-481F-86E3-26B000DF7003}.Release|x64.ActiveCfg = Release|x64
		{428391F6-0AAD-481F-86E3-26B000DF7003}.Release|x64.Build.0 = Release|x64
		{428391F6-0AAD-481F-86E3-26B000DF7003}.Release|x86.ActiveCfg = Release|Win32
		{428391F6-0AAD-481F-86E3-26B000DF7003}.Release|x86.Build.0 = Release|Win32
		{95E57A14-6E37-4490-B4C5-67608B4A273B}.Debug|x64.ActiveCfg = Debug|x64
		{95E57A14-6E37-4490-B4C5-67608B4A273B}.Debug|x64.Build.0 = Debug|x64
		{95E57A14-6E37-4490-B4C5-67608B4A273B}.Debug|x86.ActiveCfg = Debug|Win32
		{95E57A14-6E37-4490-B4C5-67608B4A273B}.Debug|x86.Build.0 = Debug|Win32
		{95E57A14-6E37-4490-B4C5-67608B4A273B}.Release|x64.ActiveCfg = Release|x64
		{95E57A14-6E37-4490-B4C5-67608B4A273B}.Release|x64.Build.0 = Release|x64
		{95E57A14-6E37-4490-B4C5-67608B4A273B}.Release|x86.ActiveCfg = Release|Win32
		{95E57A14-6E37-4490-B4C5-67608B4A273B}.Release|x86.Build.0 = Release|Win32
		{1189CB12-0CB3-4F20-96C7-CCAAB2D5405A}.Debug|x64.ActiveCfg = Debug|x64
		{1189CB12-0CB3-4F20-96C7-CCAAB2D5405A}.Debug|x64.Build.0 = Debug|x64
		{1189CB12-0CB3-4F20-96C7-CCAAB2D5405A}.Debug|x86.ActiveCfg = Debug|Win32
		{1189CB12-0CB3-4F20-96C7-CCAAB2D5405A}.Debug|x86.Build.0 = Debug|Win32
		{1189CB12-0CB3-4F20-96C7-CCAAB2D5405A}.Release|x64.ActiveCfg = Release|x64
		{1189CB12-0CB3-4F20-96C7-CCAAB2D5405A}.Release|x64.Build.0 = Release|x64
		{1189CB12-0CB3-4F20-96C7-CCAAB2D5405A}.Release|x86.ActiveCfg = Release|Win32
		{1189CB12-0CB3-4F20-96C7-CCAAB2D5405A}.Release|x86.Build.0 = Release|Win32
		{AD9C4DB1-ED17-49BF-AE3E-DF32273F9DAF}.Debug|x64.ActiveCfg = Debug|x64
		{AD9C4DB1-ED17-49BF-AE3E-DF32273F9DAF}.Debug|x64.Build.0 = Debug|x64
		{AD9C4DB1-ED17-49BF-AE3E-DF32273F9DAF}.Debug|x86.ActiveCfg = Debug|Win32
		{AD9C4DB1-ED17-49BF-AE3E-DF32273F9DAF}.Debug|x86.Build.0 = Debug|Win32
		{AD9C4DB1-ED17-49BF-AE3E-DF32273F9DAF}.Release|x64.ActiveCfg = Release|x64
		{AD9C4DB1-ED17-49BF-AE3E-DF32273F9DAF}.Release|x64.Build.0 = Release|x64
		{AD9C4DB1-ED17-49BF-AE3E-DF32273F9DAF}.Release|x86.ActiveCfg = Release|Win32
		{AD9C4DB1-ED17-49BF-AE3E-DF32273F9DAF}.Release|x86.Build.0 = Release|Win32
		{63B630D9-4CCB-4F5E-88AF-6F6358C5ED0E}.Debug|x64.ActiveCfg = Debug|x64
		{63B630D9-4CCB-4F5E-88AF-6F6358C5ED0E}.Debug|x64.Build.0 = Debug|x64
		{63B630D9-4CCB-4F5E-88AF-6F6358C5ED0E}.Debug|x86.ActiveCfg = Debug|Win32
		{63B630D9-4CCB-4F5E-88AF-6F6358C5ED0E}.Debug|x86.Build.0 = Debug|Win32
		{63B630D9-4CCB-4F5E-88AF-6F6358C5ED0E}.Release|x64.ActiveCfg = Release|x64
		{63B630D9-4CCB-4F5E-88AF-6F6358C5ED0E}.Release|x64.Build.0 = Release|x64
		{63B630D9-4CCB-4F5E-88AF-6F6358C5ED0E}.Release|x86.ActiveCfg = Release|Win32
		{63B630D9-4CCB-4F5E-88AF-6F6358C5ED0E}.Release|x86.Build.0 = Release|Win32
		{40936DBC-10DA-4251-ADF3-16FA0D5C9A09}.Debug|x64.ActiveCfg = Debug|x64
		{40936DBC-10DA-4251-ADF3-16FA0D5C9A09}.Debug|x64.Build.0 = Debug|x64
		{40936DBC-10DA-4251-ADF3-16FA0D5C9A09}.Debug|x86.ActiveCfg = Debug|Win32
		{40936DBC-10DA-4251-ADF3-16FA0D5C9A09}.Debug|x86.Build.0 = Debug|Win32
		{40936DBC-10DA-4251-ADF3-16FA0D5C9A09}.Release|x64.ActiveCfg = Release|x64
		{40936DBC-10DA-4251-ADF3-16FA0D5C9A09}.Release|x64.Build.0 = Release|x64
		{40936DBC-10DA-4251-ADF3-16FA0D5C9A09}.Release|x86.ActiveCfg = Release|Win32
		{40936DBC-10DA-4251-ADF3-16FA0D5C9A09}.Release|x86.Build.0 = Release|Win32
		{C0960F97-35DD-4488-BBA4-26810E5C521E}.Debug|x64.ActiveCfg = Debug|x64
		{C0960F97-35DD-4488-BBA4-26810E5C521E}.Debug|x64.Build.0 = Debug|x64
		{C0960F97-35DD-4488-BBA4-26810E5C521E}.Debug|x86.ActiveCfg = Debug|Win32
		{C0960F97-35DD-4488-BBA4-26810E5C521E}.Debug|x86.Build.0 = Debug|Win32
		{C0960F97-35DD-4488-BBA4-26810E5C521E}.Release|x64.ActiveCfg = Release|x64
		{C0960F97-35DD-4488-BBA4-26810E5C521E}.Release|x64.Build.0 = Release|x64
		{C0960F97-35DD-4488-BBA4-26810E5C521E}.Release|x86.ActiveCfg = Release|Win32
		{C0960F97-35DD-4488-BBA4-26810E5C521E}.Release|x86.Build.0 = Release|Win32
		{40493068-EAD8-49CA-938B-0664EBF69DF2}.Debug|x64.ActiveCfg = Debug|x64
		{40493068-EAD8-49CA-938B-0664EBF69DF2}.Debug|x64.Build.0 = Debug|x64
		{40493068-EAD8-49CA-938B-0664EBF69DF2}.Debug|x86.ActiveCfg = Debug|Win32
		{40493068-EAD8-49CA-938B-0664EBF69DF2}.Debug|x86.Build.0 = Debug|Win32
		{40493068-EAD8-49CA-938B-0664EBF69DF2}.Release|x64.ActiveCfg = Release|x64
		{40493068-EAD8-49CA-938B-0664EBF69DF2}.Release|x64.Build.0 = Release|x64
		{40493068-EAD8-49CA-938B-0664EBF69DF2}.Release|x86.ActiveCfg = Release|Win32
		{40493068-EAD8-49CA-938B-0664EBF69DF2}.Release|x86.Build.0 = Release|Win32
	EndGlobalSection
	GlobalSection(SolutionProperties) = preSolution
		HideSolutionNode = FALSE
	EndGlobalSection
	GlobalSection(ExtensibilityGlobals) = postSolution
		SolutionGuid = {56FBBCD6-7719-4306-8637-CFB6A36FD7B3}
	EndGlobalSection
EndGlobal
