
Microsoft Visual Studio Solution File, Format Version 12.00
# Visual Studio Version 17
VisualStudioVersion = 17.2.32526.322
MinimumVisualStudioVersion = 10.0.40219.1
Project("{8BC9CEB8-8B4A-11D0-8D11-00A0C91BC942}") = "pseudo-Com-test", "pseudo-Com-test\pseudo-Com-test.vcxproj", "{FFB92B06-C2A5-4106-9D81-80F7259210D4}"
	ProjectSection(ProjectDependencies) = postProject
		{881B8B57-EFD9-4418-896C-741EC4E9A227} = {881B8B57-EFD9-4418-896C-741EC4E9A227}
	EndProjectSection
EndProject
Project("{8BC9CEB8-8B4A-11D0-8D11-00A0C91BC942}") = "Common", "Common\Common.vcxproj", "{881B8B57-EFD9-4418-896C-741EC4E9A227}"
EndProject
Global
	GlobalSection(SolutionConfigurationPlatforms) = preSolution
		Debug|x64 = Debug|x64
		Debug|x86 = Debug|x86
		Release|x64 = Release|x64
		Release|x86 = Release|x86
	EndGlobalSection
	GlobalSection(ProjectConfigurationPlatforms) = postSolution
		{FFB92B06-C2A5-4106-9D81-80F7259210D4}.Debug|x64.ActiveCfg = Debug|x64
		{FFB92B06-C2A5-4106-9D81-80F7259210D4}.Debug|x64.Build.0 = Debug|x64
		{FFB92B06-C2A5-4106-9D81-80F7259210D4}.Debug|x86.ActiveCfg = Debug|Win32
		{FFB92B06-C2A5-4106-9D81-80F7259210D4}.Debug|x86.Build.0 = Debug|Win32
		{FFB92B06-C2A5-4106-9D81-80F7259210D4}.Release|x64.ActiveCfg = Release|x64
		{FFB92B06-C2A5-4106-9D81-80F7259210D4}.Release|x64.Build.0 = Release|x64
		{FFB92B06-C2A5-4106-9D81-80F7259210D4}.Release|x86.ActiveCfg = Release|Win32
		{FFB92B06-C2A5-4106-9D81-80F7259210D4}.Release|x86.Build.0 = Release|Win32
		{881B8B57-EFD9-4418-896C-741EC4E9A227}.Debug|x64.ActiveCfg = Debug|x64
		{881B8B57-EFD9-4418-896C-741EC4E9A227}.Debug|x64.Build.0 = Debug|x64
		{881B8B57-EFD9-4418-896C-741EC4E9A227}.Debug|x86.ActiveCfg = Debug|Win32
		{881B8B57-EFD9-4418-896C-741EC4E9A227}.Debug|x86.Build.0 = Debug|Win32
		{881B8B57-EFD9-4418-896C-741EC4E9A227}.Release|x64.ActiveCfg = Release|x64
		{881B8B57-EFD9-4418-896C-741EC4E9A227}.Release|x64.Build.0 = Release|x64
		{881B8B57-EFD9-4418-896C-741EC4E9A227}.Release|x86.ActiveCfg = Release|Win32
		{881B8B57-EFD9-4418-896C-741EC4E9A227}.Release|x86.Build.0 = Release|Win32
	EndGlobalSection
	GlobalSection(SolutionProperties) = preSolution
		HideSolutionNode = FALSE
	EndGlobalSection
	GlobalSection(ExtensibilityGlobals) = postSolution
		SolutionGuid = {6FE6A6FF-5AF1-4419-8C8B-D40FF831601A}
	EndGlobalSection
EndGlobal
